
Microsoft Visual Studio Solution File, Format Version 12.00
# Visual Studio Version 17
VisualStudioVersion = 17.6.33829.357
MinimumVisualStudioVersion = 10.0.40219.1
Project("{2150E333-8FDC-42A3-9474-1A3956D46DE8}") = "Server", "Server", "{A10CBFDD-F905-4C1E-A267-83A3427606E7}"
EndProject
Project("{FAE04EC0-301F-11D3-BF4B-00C04F79EFBC}") = "TiketsBasket.Models", "TiketsBasket.Models\TiketsBasket.Models.csproj", "{22693F78-579C-4982-8476-FDB0E899E76D}"
EndProject
Global
	GlobalSection(SolutionConfigurationPlatforms) = preSolution
		Debug|Any CPU = Debug|Any CPU
		Release|Any CPU = Release|Any CPU
	EndGlobalSection
	GlobalSection(ProjectConfigurationPlatforms) = postSolution
		{22693F78-579C-4982-8476-FDB0E899E76D}.Debug|Any CPU.ActiveCfg = Debug|Any CPU
		{22693F78-579C-4982-8476-FDB0E899E76D}.Debug|Any CPU.Build.0 = Debug|Any CPU
		{22693F78-579C-4982-8476-FDB0E899E76D}.Release|Any CPU.ActiveCfg = Release|Any CPU
		{22693F78-579C-4982-8476-FDB0E899E76D}.Release|Any CPU.Build.0 = Release|Any CPU
	EndGlobalSection
	GlobalSection(SolutionProperties) = preSolution
		HideSolutionNode = FALSE
	EndGlobalSection
	GlobalSection(NestedProjects) = preSolution
		{22693F78-579C-4982-8476-FDB0E899E76D} = {A10CBFDD-F905-4C1E-A267-83A3427606E7}
	EndGlobalSection
	GlobalSection(ExtensibilityGlobals) = postSolution
		SolutionGuid = {B5CFFC61-9827-4FB2-B507-1975BFBF9CC8}
	EndGlobalSection
EndGlobal
